
Microsoft Visual Studio Solution File, Format Version 12.00
# Visual Studio Version 17
VisualStudioVersion = 17.13.35825.156
MinimumVisualStudioVersion = 10.0.40219.1
Project("{FAE04EC0-301F-11D3-BF4B-00C04F79EFBC}") = "PageObject", "PageObject\PageObject.csproj", "{F1CB02BF-F3C2-42D4-9E78-1BE63F53A92F}"
EndProject
Project("{FAE04EC0-301F-11D3-BF4B-00C04F79EFBC}") = "AutomationExerciseTests", "AutomationExerciseTests\AutomationExerciseTests.csproj", "{EA05941A-157A-A861-C04C-D4231F380469}"
EndProject
Project("{FAE04EC0-301F-11D3-BF4B-00C04F79EFBC}") = "ApiClient", "ApiClient\ApiClient.csproj", "{6193B99B-377A-E893-614B-CC0022A6AD4C}"
EndProject
Global
	GlobalSection(SolutionConfigurationPlatforms) = preSolution
		Debug|Any CPU = Debug|Any CPU
		Release|Any CPU = Release|Any CPU
	EndGlobalSection
	GlobalSection(ProjectConfigurationPlatforms) = postSolution
		{F1CB02BF-F3C2-42D4-9E78-1BE63F53A92F}.Debug|Any CPU.ActiveCfg = Debug|Any CPU
		{F1CB02BF-F3C2-42D4-9E78-1BE63F53A92F}.Debug|Any CPU.Build.0 = Debug|Any CPU
		{F1CB02BF-F3C2-42D4-9E78-1BE63F53A92F}.Release|Any CPU.ActiveCfg = Release|Any CPU
		{F1CB02BF-F3C2-42D4-9E78-1BE63F53A92F}.Release|Any CPU.Build.0 = Release|Any CPU
		{EA05941A-157A-A861-C04C-D4231F380469}.Debug|Any CPU.ActiveCfg = Debug|Any CPU
		{EA05941A-157A-A861-C04C-D4231F380469}.Debug|Any CPU.Build.0 = Debug|Any CPU
		{EA05941A-157A-A861-C04C-D4231F380469}.Release|Any CPU.ActiveCfg = Release|Any CPU
		{EA05941A-157A-A861-C04C-D4231F380469}.Release|Any CPU.Build.0 = Release|Any CPU
		{6193B99B-377A-E893-614B-CC0022A6AD4C}.Debug|Any CPU.ActiveCfg = Debug|Any CPU
		{6193B99B-377A-E893-614B-CC0022A6AD4C}.Debug|Any CPU.Build.0 = Debug|Any CPU
		{6193B99B-377A-E893-614B-CC0022A6AD4C}.Release|Any CPU.ActiveCfg = Release|Any CPU
		{6193B99B-377A-E893-614B-CC0022A6AD4C}.Release|Any CPU.Build.0 = Release|Any CPU
	EndGlobalSection
	GlobalSection(SolutionProperties) = preSolution
		HideSolutionNode = FALSE
	EndGlobalSection
	GlobalSection(ExtensibilityGlobals) = postSolution
		SolutionGuid = {54976B80-F2BA-41F6-8F28-10D384E371F9}
	EndGlobalSection
EndGlobal
